
Microsoft Visual Studio Solution File, Format Version 12.00
# Visual Studio Version 17
VisualStudioVersion = 17.14.36616.10 d17.14
MinimumVisualStudioVersion = 10.0.40219.1
Project("{FAE04EC0-301F-11D3-BF4B-00C04F79EFBC}") = "PragueParking.Core", "PragueParking.Core\PragueParking.Core.csproj", "{FFC87E77-2AE4-4BE7-AAE1-753FF5F98947}"
EndProject
Project("{FAE04EC0-301F-11D3-BF4B-00C04F79EFBC}") = "PragueParking.Data", "PragueParking.Data\PragueParking.Data.csproj", "{5A2F65AB-C343-4D4E-A588-B06CE413A051}"
EndProject
Project("{FAE04EC0-301F-11D3-BF4B-00C04F79EFBC}") = "PragueParking.Console", "PragueParking.Console\PragueParking.Console.csproj", "{BFAD57B1-B35C-4150-ADDB-8BF9C221EEC3}"
EndProject
Global
	GlobalSection(SolutionConfigurationPlatforms) = preSolution
		Debug|Any CPU = Debug|Any CPU
		Release|Any CPU = Release|Any CPU
	EndGlobalSection
	GlobalSection(ProjectConfigurationPlatforms) = postSolution
		{FFC87E77-2AE4-4BE7-AAE1-753FF5F98947}.Debug|Any CPU.ActiveCfg = Debug|Any CPU
		{FFC87E77-2AE4-4BE7-AAE1-753FF5F98947}.Debug|Any CPU.Build.0 = Debug|Any CPU
		{FFC87E77-2AE4-4BE7-AAE1-753FF5F98947}.Release|Any CPU.ActiveCfg = Release|Any CPU
		{FFC87E77-2AE4-4BE7-AAE1-753FF5F98947}.Release|Any CPU.Build.0 = Release|Any CPU
		{5A2F65AB-C343-4D4E-A588-B06CE413A051}.Debug|Any CPU.ActiveCfg = Debug|Any CPU
		{5A2F65AB-C343-4D4E-A588-B06CE413A051}.Debug|Any CPU.Build.0 = Debug|Any CPU
		{5A2F65AB-C343-4D4E-A588-B06CE413A051}.Release|Any CPU.ActiveCfg = Release|Any CPU
		{5A2F65AB-C343-4D4E-A588-B06CE413A051}.Release|Any CPU.Build.0 = Release|Any CPU
		{BFAD57B1-B35C-4150-ADDB-8BF9C221EEC3}.Debug|Any CPU.ActiveCfg = Debug|Any CPU
		{BFAD57B1-B35C-4150-ADDB-8BF9C221EEC3}.Debug|Any CPU.Build.0 = Debug|Any CPU
		{BFAD57B1-B35C-4150-ADDB-8BF9C221EEC3}.Release|Any CPU.ActiveCfg = Release|Any CPU
		{BFAD57B1-B35C-4150-ADDB-8BF9C221EEC3}.Release|Any CPU.Build.0 = Release|Any CPU
	EndGlobalSection
	GlobalSection(SolutionProperties) = preSolution
		HideSolutionNode = FALSE
	EndGlobalSection
	GlobalSection(ExtensibilityGlobals) = postSolution
		SolutionGuid = {DCA51C77-D99C-423F-A15B-9643D1295E62}
	EndGlobalSection
EndGlobal
